
Microsoft Visual Studio Solution File, Format Version 12.00
# Visual Studio Version 17
VisualStudioVersion = 17.0.31903.59
MinimumVisualStudioVersion = 10.0.40219.1
Project("{9A19103F-16F7-4668-BE54-9A1E7A4F7556}") = "Chat.Shared", "Chat.Shared\Chat.Shared.csproj", "{A1A813FF-F798-4C7D-8968-71746499C696}"
EndProject
Project("{9A19103F-16F7-4668-BE54-9A1E7A4F7556}") = "Chat.Server", "Chat.Server\Chat.Server.csproj", "{F1A04D8D-A100-4300-9820-7C2896A2813C}"
EndProject
Project("{9A19103F-16F7-4668-BE54-9A1E7A4F7556}") = "Chat.Client.Cli", "Chat.Client.Cli\Chat.Client.Cli.csproj", "{BDF031BD-2937-4DEC-BE6F-F38BACEC77B9}"
EndProject
Project("{9A19103F-16F7-4668-BE54-9A1E7A4F7556}") = "Chat.Client.Wpf", "Chat.Client.Wpf\Chat.Client.Wpf.csproj", "{ADC2D70E-B72A-4B3A-9D1E-A46CB2F7BF7A}"
EndProject
Project("{9A19103F-16F7-4668-BE54-9A1E7A4F7556}") = "Chat.Tests.Unit", "Chat.Tests.Unit\Chat.Tests.Unit.csproj", "{62E36EA6-30CD-43E9-8992-8DD3BFE0D944}"
EndProject
Project("{9A19103F-16F7-4668-BE54-9A1E7A4F7556}") = "Chat.Tests.Integration", "Chat.Tests.Integration\Chat.Tests.Integration.csproj", "{3A6196D1-314F-4D33-9C6C-17CF1D91282D}"
EndProject
Project("{54435603-DBB4-11D2-8724-00A0C9A8B90C}") = "SetupChatClient", "SetupChatClient\SetupChatClient.vdproj", "{62CA0E76-3907-4659-A5EB-6EBAA7E2147F}"
EndProject
Project("{2150E333-8FDC-42A3-9474-1A3956D46DE8}") = "Itens de Solução", "Itens de Solução", "{37D201E9-0149-43C4-918D-7BDC097A4FFE}"
	ProjectSection(SolutionItems) = preProject
		docker-compose.kafka.yml = docker-compose.kafka.yml
		docker-compose.yml = docker-compose.yml
		prometheus.yml = prometheus.yml
	EndProjectSection
EndProject
Project("{2150E333-8FDC-42A3-9474-1A3956D46DE8}") = "tools", "tools", "{81EC379C-02DC-41D3-94B4-D48FA1DAF639}"
	ProjectSection(SolutionItems) = preProject
		DevToken.csx = DevToken.csx
	EndProjectSection
EndProject
Project("{9A19103F-16F7-4668-BE54-9A1E7A4F7556}") = "Chat.Api", "Chat.Api\Chat.Api.csproj", "{17021EC5-1053-4512-9B25-FC3606EA0955}"
EndProject
Project("{9A19103F-16F7-4668-BE54-9A1E7A4F7556}") = "Chat.Persistence", "Chat.Persistence\Chat.Persistence.csproj", "{4A18E960-AC67-4329-B14C-DE9FA2AFA022}"
EndProject
Project("{9A19103F-16F7-4668-BE54-9A1E7A4F7556}") = "Chat.RouterWorker", "Chat.RouterWorker\Chat.RouterWorker.csproj", "{6A09168D-EA40-4804-AF92-AAD464AE5080}"
EndProject
Project("{FAE04EC0-301F-11D3-BF4B-00C04F79EFBC}") = "Connector.Whatsapp.Mock", "Connector.Whatsapp.Mock\Connector.Whatsapp.Mock.csproj", "{DCE7C5ED-D9F4-4666-9422-82B640B68D70}"
EndProject
Project("{FAE04EC0-301F-11D3-BF4B-00C04F79EFBC}") = "Connector.Instagram.Mock", "Connector.Instagram.Mock\Connector.Instagram.Mock.csproj", "{C02AF773-A2EF-4173-A453-1939D7A781FE}"
EndProject
Global
	GlobalSection(SolutionConfigurationPlatforms) = preSolution
		Debug|Any CPU = Debug|Any CPU
		Debug|x64 = Debug|x64
		Debug|x86 = Debug|x86
		Release|Any CPU = Release|Any CPU
		Release|x64 = Release|x64
		Release|x86 = Release|x86
	EndGlobalSection
	GlobalSection(ProjectConfigurationPlatforms) = postSolution
		{A1A813FF-F798-4C7D-8968-71746499C696}.Debug|Any CPU.ActiveCfg = Debug|Any CPU
		{A1A813FF-F798-4C7D-8968-71746499C696}.Debug|Any CPU.Build.0 = Debug|Any CPU
		{A1A813FF-F798-4C7D-8968-71746499C696}.Debug|x64.ActiveCfg = Debug|Any CPU
		{A1A813FF-F798-4C7D-8968-71746499C696}.Debug|x64.Build.0 = Debug|Any CPU
		{A1A813FF-F798-4C7D-8968-71746499C696}.Debug|x86.ActiveCfg = Debug|Any CPU
		{A1A813FF-F798-4C7D-8968-71746499C696}.Debug|x86.Build.0 = Debug|Any CPU
		{A1A813FF-F798-4C7D-8968-71746499C696}.Release|Any CPU.ActiveCfg = Release|Any CPU
		{A1A813FF-F798-4C7D-8968-71746499C696}.Release|Any CPU.Build.0 = Release|Any CPU
		{A1A813FF-F798-4C7D-8968-71746499C696}.Release|x64.ActiveCfg = Release|Any CPU
		{A1A813FF-F798-4C7D-8968-71746499C696}.Release|x64.Build.0 = Release|Any CPU
		{A1A813FF-F798-4C7D-8968-71746499C696}.Release|x86.ActiveCfg = Release|Any CPU
		{A1A813FF-F798-4C7D-8968-71746499C696}.Release|x86.Build.0 = Release|Any CPU
		{F1A04D8D-A100-4300-9820-7C2896A2813C}.Debug|Any CPU.ActiveCfg = Debug|Any CPU
		{F1A04D8D-A100-4300-9820-7C2896A2813C}.Debug|Any CPU.Build.0 = Debug|Any CPU
		{F1A04D8D-A100-4300-9820-7C2896A2813C}.Debug|x64.ActiveCfg = Debug|Any CPU
		{F1A04D8D-A100-4300-9820-7C2896A2813C}.Debug|x64.Build.0 = Debug|Any CPU
		{F1A04D8D-A100-4300-9820-7C2896A2813C}.Debug|x86.ActiveCfg = Debug|Any CPU
		{F1A04D8D-A100-4300-9820-7C2896A2813C}.Debug|x86.Build.0 = Debug|Any CPU
		{F1A04D8D-A100-4300-9820-7C2896A2813C}.Release|Any CPU.ActiveCfg = Release|Any CPU
		{F1A04D8D-A100-4300-9820-7C2896A2813C}.Release|Any CPU.Build.0 = Release|Any CPU
		{F1A04D8D-A100-4300-9820-7C2896A2813C}.Release|x64.ActiveCfg = Release|Any CPU
		{F1A04D8D-A100-4300-9820-7C2896A2813C}.Release|x64.Build.0 = Release|Any CPU
		{F1A04D8D-A100-4300-9820-7C2896A2813C}.Release|x86.ActiveCfg = Release|Any CPU
		{F1A04D8D-A100-4300-9820-7C2896A2813C}.Release|x86.Build.0 = Release|Any CPU
		{BDF031BD-2937-4DEC-BE6F-F38BACEC77B9}.Debug|Any CPU.ActiveCfg = Debug|Any CPU
		{BDF031BD-2937-4DEC-BE6F-F38BACEC77B9}.Debug|Any CPU.Build.0 = Debug|Any CPU
		{BDF031BD-2937-4DEC-BE6F-F38BACEC77B9}.Debug|x64.ActiveCfg = Debug|Any CPU
		{BDF031BD-2937-4DEC-BE6F-F38BACEC77B9}.Debug|x64.Build.0 = Debug|Any CPU
		{BDF031BD-2937-4DEC-BE6F-F38BACEC77B9}.Debug|x86.ActiveCfg = Debug|Any CPU
		{BDF031BD-2937-4DEC-BE6F-F38BACEC77B9}.Debug|x86.Build.0 = Debug|Any CPU
		{BDF031BD-2937-4DEC-BE6F-F38BACEC77B9}.Release|Any CPU.ActiveCfg = Release|Any CPU
		{BDF031BD-2937-4DEC-BE6F-F38BACEC77B9}.Release|Any CPU.Build.0 = Release|Any CPU
		{BDF031BD-2937-4DEC-BE6F-F38BACEC77B9}.Release|x64.ActiveCfg = Release|Any CPU
		{BDF031BD-2937-4DEC-BE6F-F38BACEC77B9}.Release|x64.Build.0 = Release|Any CPU
		{BDF031BD-2937-4DEC-BE6F-F38BACEC77B9}.Release|x86.ActiveCfg = Release|Any CPU
		{BDF031BD-2937-4DEC-BE6F-F38BACEC77B9}.Release|x86.Build.0 = Release|Any CPU
		{ADC2D70E-B72A-4B3A-9D1E-A46CB2F7BF7A}.Debug|Any CPU.ActiveCfg = Debug|Any CPU
		{ADC2D70E-B72A-4B3A-9D1E-A46CB2F7BF7A}.Debug|Any CPU.Build.0 = Debug|Any CPU
		{ADC2D70E-B72A-4B3A-9D1E-A46CB2F7BF7A}.Debug|x64.ActiveCfg = Debug|Any CPU
		{ADC2D70E-B72A-4B3A-9D1E-A46CB2F7BF7A}.Debug|x64.Build.0 = Debug|Any CPU
		{ADC2D70E-B72A-4B3A-9D1E-A46CB2F7BF7A}.Debug|x86.ActiveCfg = Debug|Any CPU
		{ADC2D70E-B72A-4B3A-9D1E-A46CB2F7BF7A}.Debug|x86.Build.0 = Debug|Any CPU
		{ADC2D70E-B72A-4B3A-9D1E-A46CB2F7BF7A}.Release|Any CPU.ActiveCfg = Release|Any CPU
		{ADC2D70E-B72A-4B3A-9D1E-A46CB2F7BF7A}.Release|Any CPU.Build.0 = Release|Any CPU
		{ADC2D70E-B72A-4B3A-9D1E-A46CB2F7BF7A}.Release|x64.ActiveCfg = Release|Any CPU
		{ADC2D70E-B72A-4B3A-9D1E-A46CB2F7BF7A}.Release|x64.Build.0 = Release|Any CPU
		{ADC2D70E-B72A-4B3A-9D1E-A46CB2F7BF7A}.Release|x86.ActiveCfg = Release|Any CPU
		{ADC2D70E-B72A-4B3A-9D1E-A46CB2F7BF7A}.Release|x86.Build.0 = Release|Any CPU
		{62E36EA6-30CD-43E9-8992-8DD3BFE0D944}.Debug|Any CPU.ActiveCfg = Debug|Any CPU
		{62E36EA6-30CD-43E9-8992-8DD3BFE0D944}.Debug|Any CPU.Build.0 = Debug|Any CPU
		{62E36EA6-30CD-43E9-8992-8DD3BFE0D944}.Debug|x64.ActiveCfg = Debug|Any CPU
		{62E36EA6-30CD-43E9-8992-8DD3BFE0D944}.Debug|x64.Build.0 = Debug|Any CPU
		{62E36EA6-30CD-43E9-8992-8DD3BFE0D944}.Debug|x86.ActiveCfg = Debug|Any CPU
		{62E36EA6-30CD-43E9-8992-8DD3BFE0D944}.Debug|x86.Build.0 = Debug|Any CPU
		{62E36EA6-30CD-43E9-8992-8DD3BFE0D944}.Release|Any CPU.ActiveCfg = Release|Any CPU
		{62E36EA6-30CD-43E9-8992-8DD3BFE0D944}.Release|Any CPU.Build.0 = Release|Any CPU
		{62E36EA6-30CD-43E9-8992-8DD3BFE0D944}.Release|x64.ActiveCfg = Release|Any CPU
		{62E36EA6-30CD-43E9-8992-8DD3BFE0D944}.Release|x64.Build.0 = Release|Any CPU
		{62E36EA6-30CD-43E9-8992-8DD3BFE0D944}.Release|x86.ActiveCfg = Release|Any CPU
		{62E36EA6-30CD-43E9-8992-8DD3BFE0D944}.Release|x86.Build.0 = Release|Any CPU
		{3A6196D1-314F-4D33-9C6C-17CF1D91282D}.Debug|Any CPU.ActiveCfg = Debug|Any CPU
		{3A6196D1-314F-4D33-9C6C-17CF1D91282D}.Debug|Any CPU.Build.0 = Debug|Any CPU
		{3A6196D1-314F-4D33-9C6C-17CF1D91282D}.Debug|x64.ActiveCfg = Debug|Any CPU
		{3A6196D1-314F-4D33-9C6C-17CF1D91282D}.Debug|x64.Build.0 = Debug|Any CPU
		{3A6196D1-314F-4D33-9C6C-17CF1D91282D}.Debug|x86.ActiveCfg = Debug|Any CPU
		{3A6196D1-314F-4D33-9C6C-17CF1D91282D}.Debug|x86.Build.0 = Debug|Any CPU
		{3A6196D1-314F-4D33-9C6C-17CF1D91282D}.Release|Any CPU.ActiveCfg = Release|Any CPU
		{3A6196D1-314F-4D33-9C6C-17CF1D91282D}.Release|Any CPU.Build.0 = Release|Any CPU
		{3A6196D1-314F-4D33-9C6C-17CF1D91282D}.Release|x64.ActiveCfg = Release|Any CPU
		{3A6196D1-314F-4D33-9C6C-17CF1D91282D}.Release|x64.Build.0 = Release|Any CPU
		{3A6196D1-314F-4D33-9C6C-17CF1D91282D}.Release|x86.ActiveCfg = Release|Any CPU
		{3A6196D1-314F-4D33-9C6C-17CF1D91282D}.Release|x86.Build.0 = Release|Any CPU
		{62CA0E76-3907-4659-A5EB-6EBAA7E2147F}.Debug|Any CPU.ActiveCfg = Debug|Any CPU
		{62CA0E76-3907-4659-A5EB-6EBAA7E2147F}.Debug|x64.ActiveCfg = Debug|x64
		{62CA0E76-3907-4659-A5EB-6EBAA7E2147F}.Debug|x86.ActiveCfg = Debug|x86
		{62CA0E76-3907-4659-A5EB-6EBAA7E2147F}.Release|Any CPU.ActiveCfg = Release|Any CPU
		{62CA0E76-3907-4659-A5EB-6EBAA7E2147F}.Release|x64.ActiveCfg = Release|x64
		{62CA0E76-3907-4659-A5EB-6EBAA7E2147F}.Release|x86.ActiveCfg = Release|x86
		{17021EC5-1053-4512-9B25-FC3606EA0955}.Debug|Any CPU.ActiveCfg = Debug|Any CPU
		{17021EC5-1053-4512-9B25-FC3606EA0955}.Debug|Any CPU.Build.0 = Debug|Any CPU
		{17021EC5-1053-4512-9B25-FC3606EA0955}.Debug|x64.ActiveCfg = Debug|Any CPU
		{17021EC5-1053-4512-9B25-FC3606EA0955}.Debug|x64.Build.0 = Debug|Any CPU
		{17021EC5-1053-4512-9B25-FC3606EA0955}.Debug|x86.ActiveCfg = Debug|Any CPU
		{17021EC5-1053-4512-9B25-FC3606EA0955}.Debug|x86.Build.0 = Debug|Any CPU
		{17021EC5-1053-4512-9B25-FC3606EA0955}.Release|Any CPU.ActiveCfg = Release|Any CPU
		{17021EC5-1053-4512-9B25-FC3606EA0955}.Release|Any CPU.Build.0 = Release|Any CPU
		{17021EC5-1053-4512-9B25-FC3606EA0955}.Release|x64.ActiveCfg = Release|Any CPU
		{17021EC5-1053-4512-9B25-FC3606EA0955}.Release|x64.Build.0 = Release|Any CPU
		{17021EC5-1053-4512-9B25-FC3606EA0955}.Release|x86.ActiveCfg = Release|Any CPU
		{17021EC5-1053-4512-9B25-FC3606EA0955}.Release|x86.Build.0 = Release|Any CPU
		{4A18E960-AC67-4329-B14C-DE9FA2AFA022}.Debug|Any CPU.ActiveCfg = Debug|Any CPU
		{4A18E960-AC67-4329-B14C-DE9FA2AFA022}.Debug|Any CPU.Build.0 = Debug|Any CPU
		{4A18E960-AC67-4329-B14C-DE9FA2AFA022}.Debug|x64.ActiveCfg = Debug|Any CPU
		{4A18E960-AC67-4329-B14C-DE9FA2AFA022}.Debug|x64.Build.0 = Debug|Any CPU
		{4A18E960-AC67-4329-B14C-DE9FA2AFA022}.Debug|x86.ActiveCfg = Debug|Any CPU
		{4A18E960-AC67-4329-B14C-DE9FA2AFA022}.Debug|x86.Build.0 = Debug|Any CPU
		{4A18E960-AC67-4329-B14C-DE9FA2AFA022}.Release|Any CPU.ActiveCfg = Release|Any CPU
		{4A18E960-AC67-4329-B14C-DE9FA2AFA022}.Release|Any CPU.Build.0 = Release|Any CPU
		{4A18E960-AC67-4329-B14C-DE9FA2AFA022}.Release|x64.ActiveCfg = Release|Any CPU
		{4A18E960-AC67-4329-B14C-DE9FA2AFA022}.Release|x64.Build.0 = Release|Any CPU
		{4A18E960-AC67-4329-B14C-DE9FA2AFA022}.Release|x86.ActiveCfg = Release|Any CPU
		{4A18E960-AC67-4329-B14C-DE9FA2AFA022}.Release|x86.Build.0 = Release|Any CPU
		{6A09168D-EA40-4804-AF92-AAD464AE5080}.Debug|Any CPU.ActiveCfg = Debug|Any CPU
		{6A09168D-EA40-4804-AF92-AAD464AE5080}.Debug|Any CPU.Build.0 = Debug|Any CPU
		{6A09168D-EA40-4804-AF92-AAD464AE5080}.Debug|x64.ActiveCfg = Debug|Any CPU
		{6A09168D-EA40-4804-AF92-AAD464AE5080}.Debug|x64.Build.0 = Debug|Any CPU
		{6A09168D-EA40-4804-AF92-AAD464AE5080}.Debug|x86.ActiveCfg = Debug|Any CPU
		{6A09168D-EA40-4804-AF92-AAD464AE5080}.Debug|x86.Build.0 = Debug|Any CPU
		{6A09168D-EA40-4804-AF92-AAD464AE5080}.Release|Any CPU.ActiveCfg = Release|Any CPU
		{6A09168D-EA40-4804-AF92-AAD464AE5080}.Release|Any CPU.Build.0 = Release|Any CPU
		{6A09168D-EA40-4804-AF92-AAD464AE5080}.Release|x64.ActiveCfg = Release|Any CPU
		{6A09168D-EA40-4804-AF92-AAD464AE5080}.Release|x64.Build.0 = Release|Any CPU
		{6A09168D-EA40-4804-AF92-AAD464AE5080}.Release|x86.ActiveCfg = Release|Any CPU
		{6A09168D-EA40-4804-AF92-AAD464AE5080}.Release|x86.Build.0 = Release|Any CPU
		{DCE7C5ED-D9F4-4666-9422-82B640B68D70}.Debug|Any CPU.ActiveCfg = Debug|Any CPU
		{DCE7C5ED-D9F4-4666-9422-82B640B68D70}.Debug|Any CPU.Build.0 = Debug|Any CPU
		{DCE7C5ED-D9F4-4666-9422-82B640B68D70}.Debug|x64.ActiveCfg = Debug|Any CPU
		{DCE7C5ED-D9F4-4666-9422-82B640B68D70}.Debug|x64.Build.0 = Debug|Any CPU
		{DCE7C5ED-D9F4-4666-9422-82B640B68D70}.Debug|x86.ActiveCfg = Debug|Any CPU
		{DCE7C5ED-D9F4-4666-9422-82B640B68D70}.Debug|x86.Build.0 = Debug|Any CPU
		{DCE7C5ED-D9F4-4666-9422-82B640B68D70}.Release|Any CPU.ActiveCfg = Release|Any CPU
		{DCE7C5ED-D9F4-4666-9422-82B640B68D70}.Release|Any CPU.Build.0 = Release|Any CPU
		{DCE7C5ED-D9F4-4666-9422-82B640B68D70}.Release|x64.ActiveCfg = Release|Any CPU
		{DCE7C5ED-D9F4-4666-9422-82B640B68D70}.Release|x64.Build.0 = Release|Any CPU
		{DCE7C5ED-D9F4-4666-9422-82B640B68D70}.Release|x86.ActiveCfg = Release|Any CPU
		{DCE7C5ED-D9F4-4666-9422-82B640B68D70}.Release|x86.Build.0 = Release|Any CPU
		{C02AF773-A2EF-4173-A453-1939D7A781FE}.Debug|Any CPU.ActiveCfg = Debug|Any CPU
		{C02AF773-A2EF-4173-A453-1939D7A781FE}.Debug|Any CPU.Build.0 = Debug|Any CPU
		{C02AF773-A2EF-4173-A453-1939D7A781FE}.Debug|x64.ActiveCfg = Debug|Any CPU
		{C02AF773-A2EF-4173-A453-1939D7A781FE}.Debug|x64.Build.0 = Debug|Any CPU
		{C02AF773-A2EF-4173-A453-1939D7A781FE}.Debug|x86.ActiveCfg = Debug|Any CPU
		{C02AF773-A2EF-4173-A453-1939D7A781FE}.Debug|x86.Build.0 = Debug|Any CPU
		{C02AF773-A2EF-4173-A453-1939D7A781FE}.Release|Any CPU.ActiveCfg = Release|Any CPU
		{C02AF773-A2EF-4173-A453-1939D7A781FE}.Release|Any CPU.Build.0 = Release|Any CPU
		{C02AF773-A2EF-4173-A453-1939D7A781FE}.Release|x64.ActiveCfg = Release|Any CPU
		{C02AF773-A2EF-4173-A453-1939D7A781FE}.Release|x64.Build.0 = Release|Any CPU
		{C02AF773-A2EF-4173-A453-1939D7A781FE}.Release|x86.ActiveCfg = Release|Any CPU
		{C02AF773-A2EF-4173-A453-1939D7A781FE}.Release|x86.Build.0 = Release|Any CPU
	EndGlobalSection
	GlobalSection(SolutionProperties) = preSolution
		HideSolutionNode = FALSE
	EndGlobalSection
	GlobalSection(ExtensibilityGlobals) = postSolution
		SolutionGuid = {9A13CB3F-8A50-4C3A-BD0F-F16514F46593}
	EndGlobalSection
EndGlobal
